{
  "version": 4,
  "terraform_version": "1.6.0",
  "serial": 5,
  "lineage": "4331a901-71cf-ba28-4070-7d936d3f30af",
  "outputs": {},
  "resources": [
    {
      "mode": "managed",
      "type": "local_file",
      "name": "for_each_loop",
      "provider": "provider[\"registry.opentofu.org/hashicorp/local\"]",
      "instances": [
        {
          "index_key": "chicken",
          "schema_version": 0,
          "attributes": {
            "content": "chicken",
            "content_base64": null,
            "content_base64sha256": "gR64G50R1lo2xTw+vbc47jA0A8t514HM9LQHZOCp0So=",
            "content_base64sha512": "W8XS80JFF47Ch8WLHn2b6PEF8jF1ahrq1+O0cVBdMkzdoE8AdsNydDp5K9Nhv/ZpT18C0mor9IRHBWgaqnndhA==",
            "content_md5": "742929dcb631403d7c1c1efad2ca2700",
            "content_sha1": "cef7e59218e3a7e18aaf7faa4a23bcd964323a66",
            "content_sha256": "811eb81b9d11d65a36c53c3ebdb738ee303403cb79d781ccf4b40764e0a9d12a",
            "content_sha512": "5bc5d2f34245178ec287c58b1e7d9be8f105f231756a1aead7e3b471505d324cdda04f0076c372743a792bd361bff6694f5f02d26a2bf4844705681aaa79dd84",
            "directory_permission": "0777",
            "file_permission": "0777",
            "filename": "./chicken.foreach",
            "id": "cef7e59218e3a7e18aaf7faa4a23bcd964323a66",
            "sensitive_content": null,
            "source": null
          },
          "sensitive_attributes": []
        },
        {
          "index_key": "lettuce",
          "schema_version": 0,
          "attributes": {
            "content": "lettuce",
            "content_base64": null,
            "content_base64sha256": "SGlUIvvCWtAbY3Htu59+gAZSI4S6QoJ4fjhfP7yOUwI=",
            "content_base64sha512": "BCqTo075NJ3COd1RZkhRy9mam2YFPPEquWLKe5leSVDaZ93K3AyaLAmaQjQ54jhNZJoQTp4UhdCNyzq567EbtA==",
            "content_md5": "8cbd191432b5f52b48497313f966a4f8",
            "content_sha1": "52a7c2b11b9313bf262cd0a2f96c499f31904954",
            "content_sha256": "48695422fbc25ad01b6371edbb9f7e8006522384ba4282787e385f3fbc8e5302",
            "content_sha512": "042a93a34ef9349dc239dd51664851cbd99a9b66053cf12ab962ca7b995e4950da67ddcadc0c9a2c099a423439e2384d649a104e9e1485d08dcb3ab9ebb11bb4",
            "directory_permission": "0777",
            "file_permission": "0777",
            "filename": "./lettuce.foreach",
            "id": "52a7c2b11b9313bf262cd0a2f96c499f31904954",
            "sensitive_content": null,
            "source": null
          },
          "sensitive_attributes": []
        },
        {
          "index_key": "onions",
          "schema_version": 0,
          "attributes": {
            "content": "onions",
            "content_base64": null,
            "content_base64sha256": "XrjF5CL+CWplvpqWnHDVKDUPzJjOP21iAw7kt1WQSAY=",
            "content_base64sha512": "nyF+mM4TlEY7DEZB4I9hDt3f4p5kfTT//pSbXI3/1GBdkoDk8DOQWO4yQShOQSXvMkI3CKPTXBA60kzFttR4WQ==",
            "content_md5": "5c1696fbc4d6026400136f4345ea4aad",
            "content_sha1": "00ada52aa920a0c2cde41206ec79a16822b58f3d",
            "content_sha256": "5eb8c5e422fe096a65be9a969c70d528350fcc98ce3f6d62030ee4b755904806",
            "content_sha512": "9f217e98ce1394463b0c4641e08f610edddfe29e647d34fffe949b5c8dffd4605d9280e4f0339058ee3241284e4125ef32423708a3d35c103ad24cc5b6d47859",
            "directory_permission": "0777",
            "file_permission": "0777",
            "filename": "./onions.foreach",
            "id": "00ada52aa920a0c2cde41206ec79a16822b58f3d",
            "sensitive_content": null,
            "source": null
          },
          "sensitive_attributes": []
        },
        {
          "index_key": "tahini",
          "schema_version": 0,
          "attributes": {
            "content": "tahini",
            "content_base64": null,
            "content_base64sha256": "uXTfVfCGUVbpehfwrws/PGprm2Fe9VfdstZkOFOVIXQ=",
            "content_base64sha512": "MJStvPKCqqDdUAIZukjrMBqjZ7MXhvAmi2yszf9jghh52enULgrfCrRXcCeLP7JUWepvBgT4P7Q7JY+/yS5Iyw==",
            "content_md5": "23e53294c50deaf0c982a53a949b6179",
            "content_sha1": "210987ca1fd7ba4b0b68bfd3afc444496faaec8b",
            "content_sha256": "b974df55f0865156e97a17f0af0b3f3c6a6b9b615ef557ddb2d6643853952174",
            "content_sha512": "3094adbcf282aaa0dd500219ba48eb301aa367b31786f0268b6caccdff63821879d9e9d42e0adf0ab45770278b3fb25459ea6f0604f83fb43b258fbfc92e48cb",
            "directory_permission": "0777",
            "file_permission": "0777",
            "filename": "./tahini.foreach",
            "id": "210987ca1fd7ba4b0b68bfd3afc444496faaec8b",
            "sensitive_content": null,
            "source": null
          },
          "sensitive_attributes": []
        }
      ]
    }
  ],
  "check_results": null
}
